# THIS IS AN AUTOGENERATED FILE. DO NOT EDIT THIS FILE DIRECTLY.
# yarn lockfile v1


abbrev@1:
  version "1.1.1"
  resolved "https://registry.yarnpkg.com/abbrev/-/abbrev-1.1.1.tgz#f8f2c887ad10bf67f634f005b6987fed3179aac8"
  integrity sha512-nne9/IiQ/hzIhY6pdDnbBtz7DjPTKrY00P/zvPSm5pOFkl6xuGrGnXn/VtTNNfNtAfZ9/1RtehkszU9qcTii0Q==

asn1@0.2.1:
  version "0.2.1"
  resolved "https://registry.yarnpkg.com/asn1/-/asn1-0.2.1.tgz#ecc73f75d31ea3c6ed9d47428db35fecc7b2c6dc"
  integrity sha512-Qlt6MN3lOQjpHxlh49dTHVV3ankYp3udK35Aw0bxHMAAVYaa7m+csXAdzdS/t3HJn0eG+o81PTAifeFoCNJCmg==

assert-plus@0.1.5:
  version "0.1.5"
  resolved "https://registry.yarnpkg.com/assert-plus/-/assert-plus-0.1.5.tgz#ee74009413002d84cec7219c6ac811812e723160"
  integrity sha1-7nQAlBMALYTOxyGcasgRgS5yMWA=

axios@^0.21.1:
  version "0.21.1"
  resolved "https://registry.yarnpkg.com/axios/-/axios-0.21.1.tgz#22563481962f4d6bde9a76d516ef0e5d3c09b2b8"
  integrity sha512-dKQiRHxGD9PPRIUNIWvZhPTPpl1rf/OxTYKsqKUDjBwYylTvV7SjSHJb9ratfyzM6wCdLCOYLzs73qpg5c4iGA==
  dependencies:
    follow-redirects "^1.10.0"

bunyan@0.22.1:
  version "0.22.1"
  resolved "https://registry.yarnpkg.com/bunyan/-/bunyan-0.22.1.tgz#020c383bed625af5c6c8834dd8c4aca0dd0f765c"
  integrity sha512-EhCfulriDkDnbOOalzfmj3w0JjQND3Z3KOOSHHUJaQqH1TI3aYRHofd0UGCUrKqr+yAK5ZFb6egwvtpW7sDe9w==
  optionalDependencies:
    dtrace-provider "0.2.8"
    mv "0.0.5"

dtrace-provider@0.2.8:
  version "0.2.8"
  resolved "https://registry.yarnpkg.com/dtrace-provider/-/dtrace-provider-0.2.8.tgz#e243f19219aa95fbf0d8f2ffb07f5bd64e94fe20"
  integrity sha512-wufYnYt4ISHnT9MEiRgQ3trXuolt7mICTa/ckT+KYHR667K9H82lmI8KM7zKUJ8l5I343A34wJnvL++1TJn1iA==

extsprintf@1.0.0:
  version "1.0.0"
  resolved "https://registry.yarnpkg.com/extsprintf/-/extsprintf-1.0.0.tgz#4d58b815ace5bebfc4ebf03cf98b0a7604a99b86"
  integrity sha1-TVi4Fazlvr/E6/A8+YsKdgSpm4Y=

follow-redirects@^1.10.0:
  version "1.14.2"
  resolved "https://registry.yarnpkg.com/follow-redirects/-/follow-redirects-1.14.2.tgz#cecb825047c00f5e66b142f90fed4f515dec789b"
  integrity sha512-yLR6WaE2lbF0x4K2qE2p9PEXKLDjUjnR/xmjS3wHAYxtlsI9MLLBJUZirAHKzUZDGLxje7w/cXR49WOUo4rbsA==

json-schema@0.2.2:
  version "0.2.2"
  resolved "https://registry.yarnpkg.com/json-schema/-/json-schema-0.2.2.tgz#50354f19f603917c695f70b85afa77c3b0f23506"
  integrity sha512-DFzwwaFNKI+cfMyHtcyGA6N9d8jOWEtLc9IrT7WbpZc1V8M5S/HMBjJ3aM2Fx40bcTL2xTuIX/bBr8Zj2soGyg==

jsprim@0.3.0:
  version "0.3.0"
  resolved "https://registry.yarnpkg.com/jsprim/-/jsprim-0.3.0.tgz#cd13466ea2480dbd8396a570d47d31dda476f8b1"
  integrity sha512-lPLTWfTELEgTAY3mphlaIjYa5j6n1XFB3ju+nqFGNXTvX1ZXArW8fwEzq+i+ggILHaBRQkhzeMiQ+M56FbWU6A==
  dependencies:
    extsprintf "1.0.0"
    json-schema "0.2.2"
    verror "1.3.3"

ldapjs@^0.7.1:
  version "0.7.1"
  resolved "https://registry.yarnpkg.com/ldapjs/-/ldapjs-0.7.1.tgz#684798a687640bab1afbd802cf532f30492dfb56"
  integrity sha512-DJRyIlwH9jo7OLfubL4o0wCc9KIM6V6tXTDFaT8YJQxvq5+Bukl5HAKa9A5o62TGemjjYkBhHAOs6jQIyy4HgQ==
  dependencies:
    asn1 "0.2.1"
    assert-plus "0.1.5"
    bunyan "0.22.1"
    nopt "2.1.1"
    pooling "0.4.6"
  optionalDependencies:
    dtrace-provider "0.2.8"

mv@0.0.5:
  version "0.0.5"
  resolved "https://registry.yarnpkg.com/mv/-/mv-0.0.5.tgz#15eac759479884df1131d6de56bce20b654f5391"
  integrity sha512-8j4wV8oJDjvDE4dHIOMwP5a0zjsUXy06PPtEtIdjwOduF4jAaLCWGn3qiZmu+6kODeMeO+nHucL2DIm2hHDanA==

nopt@2.1.1:
  version "2.1.1"
  resolved "https://registry.yarnpkg.com/nopt/-/nopt-2.1.1.tgz#91eb7c4b017e7c00adcad1fd6d63944d0fdb75c1"
  integrity sha512-iKfahTKYJbKlv1JeIV0UFT5kzNdbeKe6AY69GQWm9feJEs3/fZQkjs2fDw3T7494PDXf5U1nu1hoqwkRcLycAw==
  dependencies:
    abbrev "1"

once@1.3.0:
  version "1.3.0"
  resolved "https://registry.yarnpkg.com/once/-/once-1.3.0.tgz#151af86bfc1f08c4b9f07d06ab250ffcbeb56581"
  integrity sha512-A31oqbdEQnnhkjIXJ6QKcgO9eN8Xe+dVAQqlFLAmri0Y5s11pUadCihT2popU2WLd5CbbnD2ZVkbEJsR/8JHvA==

pooling@0.4.6:
  version "0.4.6"
  resolved "https://registry.yarnpkg.com/pooling/-/pooling-0.4.6.tgz#76a317371ea8a363b4858fa4799e60245f30e664"
  integrity sha512-ZI8OZmK76Lm2gYIqn5NkTlZ5GAxJvIZkzqCHifZRRufbSd7xoO1r1GicUUAYH+keAdJ1WNuBICLMnsuKxlvoog==
  dependencies:
    assert-plus "0.1.5"
    bunyan "0.22.1"
    once "1.3.0"
    vasync "1.4.0"
  optionalDependencies:
    dtrace-provider "0.2.8"

vasync@1.4.0:
  version "1.4.0"
  resolved "https://registry.yarnpkg.com/vasync/-/vasync-1.4.0.tgz#6ea5a63582358868d8743cbdd6ffadc9083b910f"
  integrity sha512-hFAwwPN+VYEjFm56tbWcl1E+lcWfNXfb8q/XmSWGh3onk/aOo1bG5jbQCLigAeHPeMDAqh5GkgRPAYyo3wrzlg==
  dependencies:
    jsprim "0.3.0"
    verror "1.1.0"

verror@1.1.0:
  version "1.1.0"
  resolved "https://registry.yarnpkg.com/verror/-/verror-1.1.0.tgz#2a4b4eb14a207051e75a6f94ee51315bf173a1b0"
  integrity sha1-KktOsUogcFHnWm+U7lExW/FzobA=
  dependencies:
    extsprintf "1.0.0"

verror@1.3.3:
  version "1.3.3"
  resolved "https://registry.yarnpkg.com/verror/-/verror-1.3.3.tgz#8a6a4ac3a8c774b6f687fece49bdffd78552e2cd"
  integrity sha512-FRyhVjZX8Hy5Mlmvo4YbbN3V8KaagA6W6Xc3kNOtIQqd3DohGqQzqie1NDVfZbZuWZjCTF0E5PNUqQZ5BVqdew==
  dependencies:
    extsprintf "1.0.0"
